
Microsoft Visual Studio Solution File, Format Version 12.00
# Visual Studio Version 16
VisualStudioVersion = 16.0.31424.327
MinimumVisualStudioVersion = 10.0.40219.1
Project("{FAE04EC0-301F-11D3-BF4B-00C04F79EFBC}") = "FirstJenkins", "FirstJenkins\FirstJenkins.csproj", "{97F73C91-FF19-4F55-82AC-E215420153C7}"
EndProject
Global
	GlobalSection(SolutionConfigurationPlatforms) = preSolution
		Debug|Any CPU = Debug|Any CPU
		Release|Any CPU = Release|Any CPU
	EndGlobalSection
	GlobalSection(ProjectConfigurationPlatforms) = postSolution
		{97F73C91-FF19-4F55-82AC-E215420153C7}.Debug|Any CPU.ActiveCfg = Debug|Any CPU
		{97F73C91-FF19-4F55-82AC-E215420153C7}.Debug|Any CPU.Build.0 = Debug|Any CPU
		{97F73C91-FF19-4F55-82AC-E215420153C7}.Release|Any CPU.ActiveCfg = Release|Any CPU
		{97F73C91-FF19-4F55-82AC-E215420153C7}.Release|Any CPU.Build.0 = Release|Any CPU
	EndGlobalSection
	GlobalSection(SolutionProperties) = preSolution
		HideSolutionNode = FALSE
	EndGlobalSection
	GlobalSection(ExtensibilityGlobals) = postSolution
		SolutionGuid = {D3B33836-FF39-4809-84C1-7A9F0DC89113}
	EndGlobalSection
EndGlobal
